
Microsoft Visual Studio Solution File, Format Version 11.00
# Visual Studio 2010
Project("{FAE04EC0-301F-11D3-BF4B-00C04F79EFBC}") = "Assembly-CSharp", "Assembly-CSharp.csproj", "{3F73E2F1-D5D9-6950-27A8-0D446ABA96AA}"
EndProject
Project("{FAE04EC0-301F-11D3-BF4B-00C04F79EFBC}") = "Assembly-CSharp-Editor", "Assembly-CSharp-Editor.csproj", "{C769B7D5-4853-4739-3B8B-762EE8A769A3}"
EndProject
Global
	GlobalSection(SolutionConfigurationPlatforms) = preSolution
		Debug|Any CPU = Debug|Any CPU
		Release|Any CPU = Release|Any CPU
	EndGlobalSection
	GlobalSection(ProjectConfigurationPlatforms) = postSolution
		{3F73E2F1-D5D9-6950-27A8-0D446ABA96AA}.Debug|Any CPU.ActiveCfg = Debug|Any CPU
		{3F73E2F1-D5D9-6950-27A8-0D446ABA96AA}.Debug|Any CPU.Build.0 = Debug|Any CPU
		{3F73E2F1-D5D9-6950-27A8-0D446ABA96AA}.Release|Any CPU.ActiveCfg = Release|Any CPU
		{3F73E2F1-D5D9-6950-27A8-0D446ABA96AA}.Release|Any CPU.Build.0 = Release|Any CPU
		{C769B7D5-4853-4739-3B8B-762EE8A769A3}.Debug|Any CPU.ActiveCfg = Debug|Any CPU
		{C769B7D5-4853-4739-3B8B-762EE8A769A3}.Debug|Any CPU.Build.0 = Debug|Any CPU
		{C769B7D5-4853-4739-3B8B-762EE8A769A3}.Release|Any CPU.ActiveCfg = Release|Any CPU
		{C769B7D5-4853-4739-3B8B-762EE8A769A3}.Release|Any CPU.Build.0 = Release|Any CPU
	EndGlobalSection
	GlobalSection(SolutionProperties) = preSolution
		HideSolutionNode = FALSE
	EndGlobalSection
EndGlobal
